PODS:
  - Alamofire (4.7.3)
  - MJRefresh (3.1.15.6)
  - WYAWebView (0.1.0):
    - Alamofire (~> 4.7)
    - MJRefresh

DEPENDENCIES:
  - WYAWebView (from `../../../`)

SPEC REPOS:
  https://github.com/cocoapods/specs.git:
    - Alamofire
    - MJRefresh

EXTERNAL SOURCES:
  WYAWebView:
    :path: "../../../"

SPEC CHECKSUMS:
  Alamofire: c7287b6e5d7da964a70935e5db17046b7fde6568
  MJRefresh: 0efa19656679d70a0f47cbe76e56c2271fe53a97
  WYAWebView: fa532f641b304bf68f1e410386228c1b7e115679

PODFILE CHECKSUM: 70a6858b695cda6d9fad49ca096cb86cd32ea851

COCOAPODS: 1.5.3
