// !$*UTF8*$!
{
	archiveVersion = 1;
	classes = {
	};
	objectVersion = 50;
	objects = {

/* Begin PBXBuildFile section */
		21FADB552143CD0B00C37689 /* AppDelegate.swift in Sources */ = {isa = PBXBuildFile; fileRef = 21FADB542143CD0B00C37689 /* AppDelegate.swift */; };
		21FADB572143CD0B00C37689 /* ViewController.swift in Sources */ = {isa = PBXBuildFile; fileRef = 21FADB562143CD0B00C37689 /* ViewController.swift */; };
		21FADB5A2143CD0B00C37689 /* Main.storyboard in Resources */ = {isa = PBXBuildFile; fileRef = 21FADB582143CD0B00C37689 /* Main.storyboard */; };
		21FADB5C2143CD0C00C37689 /* Assets.xcassets in Resources */ = {isa = PBXBuildFile; fileRef = 21FADB5B2143CD0C00C37689 /* Assets.xcassets */; };
		21FADB5F2143CD0C00C37689 /* LaunchScreen.storyboard in Resources */ = {isa = PBXBuildFile; fileRef = 21FADB5D2143CD0C00C37689 /* LaunchScreen.storyboard */; };
		21FADB6A2143CD0C00C37689 /* WYAWebViewDemoTests.swift in Sources */ = {isa = PBXBuildFile; fileRef = 21FADB692143CD0C00C37689 /* WYAWebViewDemoTests.swift */; };
		A338848F5962BF5499690063 /* Pods_WYAWebViewDemo.framework in Frameworks */ = {isa = PBXBuildFile; fileRef = 870E87E8B19EE6FC35FE44EC /* Pods_WYAWebViewDemo.framework */; };
/* End PBXBuildFile section */

/* Begin PBXContainerItemProxy section */
		21FADB662143CD0C00C37689 /* PBXContainerItemProxy */ = {
			isa = PBXContainerItemProxy;
			containerPortal = 21FADB492143CD0B00C37689 /* Project object */;
			proxyType = 1;
			remoteGlobalIDString = 21FADB502143CD0B00C37689;
			remoteInfo = WYAWebViewDemo;
		};
/* End PBXContainerItemProxy section */

/* Begin PBXFileReference section */
		0486B0485816FE862A3DA4D0 /* Pods-WYAWebViewDemo.debug.xcconfig */ = {isa = PBXFileReference; includeInIndex = 1; lastKnownFileType = text.xcconfig; name = "Pods-WYAWebViewDemo.debug.xcconfig"; path = "Pods/Target Support Files/Pods-WYAWebViewDemo/Pods-WYAWebViewDemo.debug.xcconfig"; sourceTree = "<group>"; };
		202F696169BF10D084190628 /* Pods-WYAWebViewDemo.release.xcconfig */ = {isa = PBXFileReference; includeInIndex = 1; lastKnownFileType = text.xcconfig; name = "Pods-WYAWebViewDemo.release.xcconfig"; path = "Pods/Target Support Files/Pods-WYAWebViewDemo/Pods-WYAWebViewDemo.release.xcconfig"; sourceTree = "<group>"; };
		21FADB512143CD0B00C37689 /* WYAWebViewDemo.app */ = {isa = PBXFileReference; explicitFileType = wrapper.application; includeInIndex = 0; path = WYAWebViewDemo.app; sourceTree = BUILT_PRODUCTS_DIR; };
		21FADB542143CD0B00C37689 /* AppDelegate.swift */ = {isa = PBXFileReference; lastKnownFileType = sourcecode.swift; path = AppDelegate.swift; sourceTree = "<group>"; };
		21FADB562143CD0B00C37689 /* ViewController.swift */ = {isa = PBXFileReference; lastKnownFileType = sourcecode.swift; path = ViewController.swift; sourceTree = "<group>"; };
		21FADB592143CD0B00C37689 /* Base */ = {isa = PBXFileReference; lastKnownFileType = file.storyboard; name = Base; path = Base.lproj/Main.storyboard; sourceTree = "<group>"; };
		21FADB5B2143CD0C00C37689 /* Assets.xcassets */ = {isa = PBXFileReference; lastKnownFileType = folder.assetcatalog; path = Assets.xcassets; sourceTree = "<group>"; };
		21FADB5E2143CD0C00C37689 /* Base */ = {isa = PBXFileReference; lastKnownFileType = file.storyboard; name = Base; path = Base.lproj/LaunchScreen.storyboard; sourceTree = "<group>"; };
		21FADB602143CD0C00C37689 /* Info.plist */ = {isa = PBXFileReference; lastKnownFileType = text.plist.xml; path = Info.plist; sourceTree = "<group>"; };
		21FADB652143CD0C00C37689 /* WYAWebViewDemoTests.xctest */ = {isa = PBXFileReference; explicitFileType = wrapper.cfbundle; includeInIndex = 0; path = WYAWebViewDemoTests.xctest; sourceTree = BUILT_PRODUCTS_DIR; };
		21FADB692143CD0C00C37689 /* WYAWebViewDemoTests.swift */ = {isa = PBXFileReference; lastKnownFileType = sourcecode.swift; path = WYAWebViewDemoTests.swift; sourceTree = "<group>"; };
		21FADB6B2143CD0C00C37689 /* Info.plist */ = {isa = PBXFileReference; lastKnownFileType = text.plist.xml; path = Info.plist; sourceTree = "<group>"; };
		870E87E8B19EE6FC35FE44EC /* Pods_WYAWebViewDemo.framework */ = {isa = PBXFileReference; explicitFileType = wrapper.framework; includeInIndex = 0; path = Pods_WYAWebViewDemo.framework; sourceTree = BUILT_PRODUCTS_DIR; };
/* End PBXFileReference section */

/* Begin PBXFrameworksBuildPhase section */
		21FADB4E2143CD0B00C37689 /* Frameworks */ = {
			isa = PBXFrameworksBuildPhase;
			buildActionMask = 2147483647;
			files = (
				A338848F5962BF5499690063 /* Pods_WYAWebViewDemo.framework in Frameworks */,
			);
			runOnlyForDeploymentPostprocessing = 0;
		};
		21FADB622143CD0C00C37689 /* Frameworks */ = {
			isa = PBXFrameworksBuildPhase;
			buildActionMask = 2147483647;
			files = (
			);
			runOnlyForDeploymentPostprocessing = 0;
		};
/* End PBXFrameworksBuildPhase section */

/* Begin PBXGroup section */
		21FADB482143CD0B00C37689 = {
			isa = PBXGroup;
			children = (
				21FADB532143CD0B00C37689 /* WYAWebViewDemo */,
				21FADB682143CD0C00C37689 /* WYAWebViewDemoTests */,
				21FADB522143CD0B00C37689 /* Products */,
				D22D605E969684064051B405 /* Pods */,
				2871DDFB1937094BD7BAF795 /* Frameworks */,
			);
			sourceTree = "<group>";
		};
		21FADB522143CD0B00C37689 /* Products */ = {
			isa = PBXGroup;
			children = (
				21FADB512143CD0B00C37689 /* WYAWebViewDemo.app */,
				21FADB652143CD0C00C37689 /* WYAWebViewDemoTests.xctest */,
			);
			name = Products;
			sourceTree = "<group>";
		};
		21FADB532143CD0B00C37689 /* WYAWebViewDemo */ = {
			isa = PBXGroup;
			children = (
				21FADB542143CD0B00C37689 /* AppDelegate.swift */,
				21FADB562143CD0B00C37689 /* ViewController.swift */,
				21FADB582143CD0B00C37689 /* Main.storyboard */,
				21FADB5B2143CD0C00C37689 /* Assets.xcassets */,
				21FADB5D2143CD0C00C37689 /* LaunchScreen.storyboard */,
				21FADB602143CD0C00C37689 /* Info.plist */,
			);
			path = WYAWebViewDemo;
			sourceTree = "<group>";
		};
		21FADB682143CD0C00C37689 /* WYAWebViewDemoTests */ = {
			isa = PBXGroup;
			children = (
				21FADB692143CD0C00C37689 /* WYAWebViewDemoTests.swift */,
				21FADB6B2143CD0C00C37689 /* Info.plist */,
			);
			path = WYAWebViewDemoTests;
			sourceTree = "<group>";
		};
		2871DDFB1937094BD7BAF795 /* Frameworks */ = {
			isa = PBXGroup;
			children = (
				870E87E8B19EE6FC35FE44EC /* Pods_WYAWebViewDemo.framework */,
			);
			name = Frameworks;
			sourceTree = "<group>";
		};
		D22D605E969684064051B405 /* Pods */ = {
			isa = PBXGroup;
			children = (
				0486B0485816FE862A3DA4D0 /* Pods-WYAWebViewDemo.debug.xcconfig */,
				202F696169BF10D084190628 /* Pods-WYAWebViewDemo.release.xcconfig */,
			);
			name = Pods;
			sourceTree = "<group>";
		};
/* End PBXGroup section */

/* Begin PBXNativeTarget section */
		21FADB502143CD0B00C37689 /* WYAWebViewDemo */ = {
			isa = PBXNativeTarget;
			buildConfigurationList = 21FADB6E2143CD0C00C37689 /* Build configuration list for PBXNativeTarget "WYAWebViewDemo" */;
			buildPhases = (
				06D940C44F759DBA53370C0E /* [CP] Check Pods Manifest.lock */,
				21FADB4D2143CD0B00C37689 /* Sources */,
				21FADB4E2143CD0B00C37689 /* Frameworks */,
				21FADB4F2143CD0B00C37689 /* Resources */,
				69DFC0FA1F7D95BCE703040D /* [CP] Embed Pods Frameworks */,
				442650933FFB4BA53F35DC10 /* [CP] Copy Pods Resources */,
			);
			buildRules = (
			);
			dependencies = (
			);
			name = WYAWebViewDemo;
			productName = WYAWebViewDemo;
			productReference = 21FADB512143CD0B00C37689 /* WYAWebViewDemo.app */;
			productType = "com.apple.product-type.application";
		};
		21FADB642143CD0C00C37689 /* WYAWebViewDemoTests */ = {
			isa = PBXNativeTarget;
			buildConfigurationList = 21FADB712143CD0C00C37689 /* Build configuration list for PBXNativeTarget "WYAWebViewDemoTests" */;
			buildPhases = (
				21FADB612143CD0C00C37689 /* Sources */,
				21FADB622143CD0C00C37689 /* Frameworks */,
				21FADB632143CD0C00C37689 /* Resources */,
			);
			buildRules = (
			);
			dependencies = (
				21FADB672143CD0C00C37689 /* PBXTargetDependency */,
			);
			name = WYAWebViewDemoTests;
			productName = WYAWebViewDemoTests;
			productReference = 21FADB652143CD0C00C37689 /* WYAWebViewDemoTests.xctest */;
			productType = "com.apple.product-type.bundle.unit-test";
		};
/* End PBXNativeTarget section */

/* Begin PBXProject section */
		21FADB492143CD0B00C37689 /* Project object */ = {
			isa = PBXProject;
			attributes = {
				LastSwiftUpdateCheck = 0940;
				LastUpgradeCheck = 0940;
				ORGANIZATIONNAME = WeiYiAn;
				TargetAttributes = {
					21FADB502143CD0B00C37689 = {
						CreatedOnToolsVersion = 9.4.1;
					};
					21FADB642143CD0C00C37689 = {
						CreatedOnToolsVersion = 9.4.1;
						TestTargetID = 21FADB502143CD0B00C37689;
					};
				};
			};
			buildConfigurationList = 21FADB4C2143CD0B00C37689 /* Build configuration list for PBXProject "WYAWebViewDemo" */;
			compatibilityVersion = "Xcode 9.3";
			developmentRegion = en;
			hasScannedForEncodings = 0;
			knownRegions = (
				en,
				Base,
			);
			mainGroup = 21FADB482143CD0B00C37689;
			productRefGroup = 21FADB522143CD0B00C37689 /* Products */;
			projectDirPath = "";
			projectRoot = "";
			targets = (
				21FADB502143CD0B00C37689 /* WYAWebViewDemo */,
				21FADB642143CD0C00C37689 /* WYAWebViewDemoTests */,
			);
		};
/* End PBXProject section */

/* Begin PBXResourcesBuildPhase section */
		21FADB4F2143CD0B00C37689 /* Resources */ = {
			isa = PBXResourcesBuildPhase;
			buildActionMask = 2147483647;
			files = (
				21FADB5F2143CD0C00C37689 /* LaunchScreen.storyboard in Resources */,
				21FADB5C2143CD0C00C37689 /* Assets.xcassets in Resources */,
				21FADB5A2143CD0B00C37689 /* Main.storyboard in Resources */,
			);
			runOnlyForDeploymentPostprocessing = 0;
		};
		21FADB632143CD0C00C37689 /* Resources */ = {
			isa = PBXResourcesBuildPhase;
			buildActionMask = 2147483647;
			files = (
			);
			runOnlyForDeploymentPostprocessing = 0;
		};
/* End PBXResourcesBuildPhase section */

/* Begin PBXShellScriptBuildPhase section */
		06D940C44F759DBA53370C0E /* [CP] Check Pods Manifest.lock */ = {
			isa = PBXShellScriptBuildPhase;
			buildActionMask = 2147483647;
			files = (
			);
			inputPaths = (
				"${PODS_PODFILE_DIR_PATH}/Podfile.lock",
				"${PODS_ROOT}/Manifest.lock",
			);
			name = "[CP] Check Pods Manifest.lock";
			outputPaths = (
				"$(DERIVED_FILE_DIR)/Pods-WYAWebViewDemo-checkManifestLockResult.txt",
			);
			runOnlyForDeploymentPostprocessing = 0;
			shellPath = /bin/sh;
			shellScript = "diff \"${PODS_PODFILE_DIR_PATH}/Podfile.lock\" \"${PODS_ROOT}/Manifest.lock\" > /dev/null\nif [ $? != 0 ] ; then\n    # print error to STDERR\n    echo \"error: The sandbox is not in sync with the Podfile.lock. Run 'pod install' or update your CocoaPods installation.\" >&2\n    exit 1\nfi\n# This output is used by Xcode 'outputs' to avoid re-running this script phase.\necho \"SUCCESS\" > \"${SCRIPT_OUTPUT_FILE_0}\"\n";
			showEnvVarsInLog = 0;
		};
		442650933FFB4BA53F35DC10 /* [CP] Copy Pods Resources */ = {
			isa = PBXShellScriptBuildPhase;
			buildActionMask = 2147483647;
			files = (
			);
			inputFileListPaths = (
			);
			inputPaths = (
				"${PODS_ROOT}/Target Support Files/Pods-WYAWebViewDemo/Pods-WYAWebViewDemo-resources.sh",
				"${PODS_ROOT}/../../../pre-build/wya.umd.js",
				"${PODS_ROOT}/../../../pre-build/WYAJSBridge.umd.js",
				"${PODS_CONFIGURATION_BUILD_DIR}/WYAWebView/WYAWebView.bundle",
			);
			name = "[CP] Copy Pods Resources";
			outputFileListPaths = (
			);
			outputPaths = (
				"${TARGET_BUILD_DIR}/${UNLOCALIZED_RESOURCES_FOLDER_PATH}/wya.umd.js",
				"${TARGET_BUILD_DIR}/${UNLOCALIZED_RESOURCES_FOLDER_PATH}/WYAJSBridge.umd.js",
				"${TARGET_BUILD_DIR}/${UNLOCALIZED_RESOURCES_FOLDER_PATH}/WYAWebView.bundle",
			);
			runOnlyForDeploymentPostprocessing = 0;
			shellPath = /bin/sh;
			shellScript = "\"${PODS_ROOT}/Target Support Files/Pods-WYAWebViewDemo/Pods-WYAWebViewDemo-resources.sh\"\n";
			showEnvVarsInLog = 0;
		};
		69DFC0FA1F7D95BCE703040D /* [CP] Embed Pods Frameworks */ = {
			isa = PBXShellScriptBuildPhase;
			buildActionMask = 2147483647;
			files = (
			);
			inputPaths = (
				"${PODS_ROOT}/Target Support Files/Pods-WYAWebViewDemo/Pods-WYAWebViewDemo-frameworks.sh",
				"${BUILT_PRODUCTS_DIR}/Alamofire/Alamofire.framework",
				"${BUILT_PRODUCTS_DIR}/MJRefresh/MJRefresh.framework",
				"${BUILT_PRODUCTS_DIR}/SnapKit/SnapKit.framework",
			);
			name = "[CP] Embed Pods Frameworks";
			outputPaths = (
				"${TARGET_BUILD_DIR}/${FRAMEWORKS_FOLDER_PATH}/Alamofire.framework",
				"${TARGET_BUILD_DIR}/${FRAMEWORKS_FOLDER_PATH}/MJRefresh.framework",
				"${TARGET_BUILD_DIR}/${FRAMEWORKS_FOLDER_PATH}/SnapKit.framework",
			);
			runOnlyForDeploymentPostprocessing = 0;
			shellPath = /bin/sh;
			shellScript = "\"${PODS_ROOT}/Target Support Files/Pods-WYAWebViewDemo/Pods-WYAWebViewDemo-frameworks.sh\"\n";
			showEnvVarsInLog = 0;
		};
/* End PBXShellScriptBuildPhase section */

/* Begin PBXSourcesBuildPhase section */
		21FADB4D2143CD0B00C37689 /* Sources */ = {
			isa = PBXSourcesBuildPhase;
			buildActionMask = 2147483647;
			files = (
				21FADB572143CD0B00C37689 /* ViewController.swift in Sources */,
				21FADB552143CD0B00C37689 /* AppDelegate.swift in Sources */,
			);
			runOnlyForDeploymentPostprocessing = 0;
		};
		21FADB612143CD0C00C37689 /* Sources */ = {
			isa = PBXSourcesBuildPhase;
			buildActionMask = 2147483647;
			files = (
				21FADB6A2143CD0C00C37689 /* WYAWebViewDemoTests.swift in Sources */,
			);
			runOnlyForDeploymentPostprocessing = 0;
		};
/* End PBXSourcesBuildPhase section */

/* Begin PBXTargetDependency section */
		21FADB672143CD0C00C37689 /* PBXTargetDependency */ = {
			isa = PBXTargetDependency;
			target = 21FADB502143CD0B00C37689 /* WYAWebViewDemo */;
			targetProxy = 21FADB662143CD0C00C37689 /* PBXContainerItemProxy */;
		};
/* End PBXTargetDependency section */

/* Begin PBXVariantGroup section */
		21FADB582143CD0B00C37689 /* Main.storyboard */ = {
			isa = PBXVariantGroup;
			children = (
				21FADB592143CD0B00C37689 /* Base */,
			);
			name = Main.storyboard;
			sourceTree = "<group>";
		};
		21FADB5D2143CD0C00C37689 /* LaunchScreen.storyboard */ = {
			isa = PBXVariantGroup;
			children = (
				21FADB5E2143CD0C00C37689 /* Base */,
			);
			name = LaunchScreen.storyboard;
			sourceTree = "<group>";
		};
/* End PBXVariantGroup section */

/* Begin XCBuildConfiguration section */
		21FADB6C2143CD0C00C37689 /* Debug */ = {
			isa = XCBuildConfiguration;
			buildSettings = {
				ALWAYS_SEARCH_USER_PATHS = NO;
				CLANG_ANALYZER_NONNULL = YES;
				CLANG_ANALYZER_NUMBER_OBJECT_CONVERSION = YES_AGGRESSIVE;
				CLANG_CXX_LANGUAGE_STANDARD = "gnu++14";
				CLANG_CXX_LIBRARY = "libc++";
				CLANG_ENABLE_MODULES = YES;
				CLANG_ENABLE_OBJC_ARC = YES;
				CLANG_ENABLE_OBJC_WEAK = YES;
				CLANG_WARN_BLOCK_CAPTURE_AUTORELEASING = YES;
				CLANG_WARN_BOOL_CONVERSION = YES;
				CLANG_WARN_COMMA = YES;
				CLANG_WARN_CONSTANT_CONVERSION = YES;
				CLANG_WARN_DEPRECATED_OBJC_IMPLEMENTATIONS = YES;
				CLANG_WARN_DIRECT_OBJC_ISA_USAGE = YES_ERROR;
				CLANG_WARN_DOCUMENTATION_COMMENTS = YES;
				CLANG_WARN_EMPTY_BODY = YES;
				CLANG_WARN_ENUM_CONVERSION = YES;
				CLANG_WARN_INFINITE_RECURSION = YES;
				CLANG_WARN_INT_CONVERSION = YES;
				CLANG_WARN_NON_LITERAL_NULL_CONVERSION = YES;
				CLANG_WARN_OBJC_IMPLICIT_RETAIN_SELF = YES;
				CLANG_WARN_OBJC_LITERAL_CONVERSION = YES;
				CLANG_WARN_OBJC_ROOT_CLASS = YES_ERROR;
				CLANG_WARN_RANGE_LOOP_ANALYSIS = YES;
				CLANG_WARN_STRICT_PROTOTYPES = YES;
				CLANG_WARN_SUSPICIOUS_MOVE = YES;
				CLANG_WARN_UNGUARDED_AVAILABILITY = YES_AGGRESSIVE;
				CLANG_WARN_UNREACHABLE_CODE = YES;
				CLANG_WARN__DUPLICATE_METHOD_MATCH = YES;
				CODE_SIGN_IDENTITY = "iPhone Developer";
				COPY_PHASE_STRIP = NO;
				DEBUG_INFORMATION_FORMAT = dwarf;
				ENABLE_STRICT_OBJC_MSGSEND = YES;
				ENABLE_TESTABILITY = YES;
				GCC_C_LANGUAGE_STANDARD = gnu11;
				GCC_DYNAMIC_NO_PIC = NO;
				GCC_NO_COMMON_BLOCKS = YES;
				GCC_OPTIMIZATION_LEVEL = 0;
				GCC_PREPROCESSOR_DEFINITIONS = (
					"DEBUG=1",
					"$(inherited)",
				);
				GCC_WARN_64_TO_32_BIT_CONVERSION = YES;
				GCC_WARN_ABOUT_RETURN_TYPE = YES_ERROR;
				GCC_WARN_UNDECLARED_SELECTOR = YES;
				GCC_WARN_UNINITIALIZED_AUTOS = YES_AGGRESSIVE;
				GCC_WARN_UNUSED_FUNCTION = YES;
				GCC_WARN_UNUSED_VARIABLE = YES;
				IPHONEOS_DEPLOYMENT_TARGET = 11.4;
				MTL_ENABLE_DEBUG_INFO = YES;
				ONLY_ACTIVE_ARCH = YES;
				SDKROOT = iphoneos;
				SWIFT_ACTIVE_COMPILATION_CONDITIONS = DEBUG;
				SWIFT_OPTIMIZATION_LEVEL = "-Onone";
			};
			name = Debug;
		};
		21FADB6D2143CD0C00C37689 /* Release */ = {
			isa = XCBuildConfiguration;
			buildSettings = {
				ALWAYS_SEARCH_USER_PATHS = NO;
				CLANG_ANALYZER_NONNULL = YES;
				CLANG_ANALYZER_NUMBER_OBJECT_CONVERSION = YES_AGGRESSIVE;
				CLANG_CXX_LANGUAGE_STANDARD = "gnu++14";
				CLANG_CXX_LIBRARY = "libc++";
				CLANG_ENABLE_MODULES = YES;
				CLANG_ENABLE_OBJC_ARC = YES;
				CLANG_ENABLE_OBJC_WEAK = YES;
				CLANG_WARN_BLOCK_CAPTURE_AUTORELEASING = YES;
				CLANG_WARN_BOOL_CONVERSION = YES;
				CLANG_WARN_COMMA = YES;
				CLANG_WARN_CONSTANT_CONVERSION = YES;
				CLANG_WARN_DEPRECATED_OBJC_IMPLEMENTATIONS = YES;
				CLANG_WARN_DIRECT_OBJC_ISA_USAGE = YES_ERROR;
				CLANG_WARN_DOCUMENTATION_COMMENTS = YES;
				CLANG_WARN_EMPTY_BODY = YES;
				CLANG_WARN_ENUM_CONVERSION = YES;
				CLANG_WARN_INFINITE_RECURSION = YES;
				CLANG_WARN_INT_CONVERSION = YES;
				CLANG_WARN_NON_LITERAL_NULL_CONVERSION = YES;
				CLANG_WARN_OBJC_IMPLICIT_RETAIN_SELF = YES;
				CLANG_WARN_OBJC_LITERAL_CONVERSION = YES;
				CLANG_WARN_OBJC_ROOT_CLASS = YES_ERROR;
				CLANG_WARN_RANGE_LOOP_ANALYSIS = YES;
				CLANG_WARN_STRICT_PROTOTYPES = YES;
				CLANG_WARN_SUSPICIOUS_MOVE = YES;
				CLANG_WARN_UNGUARDED_AVAILABILITY = YES_AGGRESSIVE;
				CLANG_WARN_UNREACHABLE_CODE = YES;
				CLANG_WARN__DUPLICATE_METHOD_MATCH = YES;
				CODE_SIGN_IDENTITY = "iPhone Developer";
				COPY_PHASE_STRIP = NO;
				DEBUG_INFORMATION_FORMAT = "dwarf-with-dsym";
				ENABLE_NS_ASSERTIONS = NO;
				ENABLE_STRICT_OBJC_MSGSEND = YES;
				GCC_C_LANGUAGE_STANDARD = gnu11;
				GCC_NO_COMMON_BLOCKS = YES;
				GCC_WARN_64_TO_32_BIT_CONVERSION = YES;
				GCC_WARN_ABOUT_RETURN_TYPE = YES_ERROR;
				GCC_WARN_UNDECLARED_SELECTOR = YES;
				GCC_WARN_UNINITIALIZED_AUTOS = YES_AGGRESSIVE;
				GCC_WARN_UNUSED_FUNCTION = YES;
				GCC_WARN_UNUSED_VARIABLE = YES;
				IPHONEOS_DEPLOYMENT_TARGET = 11.4;
				MTL_ENABLE_DEBUG_INFO = NO;
				SDKROOT = iphoneos;
				SWIFT_COMPILATION_MODE = wholemodule;
				SWIFT_OPTIMIZATION_LEVEL = "-O";
				VALIDATE_PRODUCT = YES;
			};
			name = Release;
		};
		21FADB6F2143CD0C00C37689 /* Debug */ = {
			isa = XCBuildConfiguration;
			baseConfigurationReference = 0486B0485816FE862A3DA4D0 /* Pods-WYAWebViewDemo.debug.xcconfig */;
			buildSettings = {
				ASSETCATALOG_COMPILER_APPICON_NAME = AppIcon;
				CODE_SIGN_STYLE = Automatic;
				DEVELOPMENT_TEAM = J5265ZP7QT;
				INFOPLIST_FILE = WYAWebViewDemo/Info.plist;
				IPHONEOS_DEPLOYMENT_TARGET = 9.0;
				LD_RUNPATH_SEARCH_PATHS = (
					"$(inherited)",
					"@executable_path/Frameworks",
				);
				OTHER_SWIFT_FLAGS = "$(inherited) -D DEBUG";
				PRODUCT_BUNDLE_IDENTIFIER = www.weiyian.com.WYAWebViewDemo;
				PRODUCT_NAME = "$(TARGET_NAME)";
				SWIFT_VERSION = 4.0;
				TARGETED_DEVICE_FAMILY = "1,2";
			};
			name = Debug;
		};
		21FADB702143CD0C00C37689 /* Release */ = {
			isa = XCBuildConfiguration;
			baseConfigurationReference = 202F696169BF10D084190628 /* Pods-WYAWebViewDemo.release.xcconfig */;
			buildSettings = {
				ASSETCATALOG_COMPILER_APPICON_NAME = AppIcon;
				CODE_SIGN_STYLE = Automatic;
				DEVELOPMENT_TEAM = J5265ZP7QT;
				INFOPLIST_FILE = WYAWebViewDemo/Info.plist;
				IPHONEOS_DEPLOYMENT_TARGET = 9.0;
				LD_RUNPATH_SEARCH_PATHS = (
					"$(inherited)",
					"@executable_path/Frameworks",
				);
				OTHER_SWIFT_FLAGS = "$(inherited) -D RELEASE";
				PRODUCT_BUNDLE_IDENTIFIER = www.weiyian.com.WYAWebViewDemo;
				PRODUCT_NAME = "$(TARGET_NAME)";
				SWIFT_VERSION = 4.0;
				TARGETED_DEVICE_FAMILY = "1,2";
			};
			name = Release;
		};
		21FADB722143CD0C00C37689 /* Debug */ = {
			isa = XCBuildConfiguration;
			buildSettings = {
				ALWAYS_EMBED_SWIFT_STANDARD_LIBRARIES = YES;
				BUNDLE_LOADER = "$(TEST_HOST)";
				CODE_SIGN_STYLE = Automatic;
				DEVELOPMENT_TEAM = JU7A4SE6U5;
				INFOPLIST_FILE = WYAWebViewDemoTests/Info.plist;
				LD_RUNPATH_SEARCH_PATHS = (
					"$(inherited)",
					"@executable_path/Frameworks",
					"@loader_path/Frameworks",
				);
				PRODUCT_BUNDLE_IDENTIFIER = www.weiyian.com.WYAWebViewDemoTests;
				PRODUCT_NAME = "$(TARGET_NAME)";
				SWIFT_VERSION = 4.0;
				TARGETED_DEVICE_FAMILY = "1,2";
				TEST_HOST = "$(BUILT_PRODUCTS_DIR)/WYAWebViewDemo.app/WYAWebViewDemo";
			};
			name = Debug;
		};
		21FADB732143CD0C00C37689 /* Release */ = {
			isa = XCBuildConfiguration;
			buildSettings = {
				ALWAYS_EMBED_SWIFT_STANDARD_LIBRARIES = YES;
				BUNDLE_LOADER = "$(TEST_HOST)";
				CODE_SIGN_STYLE = Automatic;
				DEVELOPMENT_TEAM = JU7A4SE6U5;
				INFOPLIST_FILE = WYAWebViewDemoTests/Info.plist;
				LD_RUNPATH_SEARCH_PATHS = (
					"$(inherited)",
					"@executable_path/Frameworks",
					"@loader_path/Frameworks",
				);
				PRODUCT_BUNDLE_IDENTIFIER = www.weiyian.com.WYAWebViewDemoTests;
				PRODUCT_NAME = "$(TARGET_NAME)";
				SWIFT_VERSION = 4.0;
				TARGETED_DEVICE_FAMILY = "1,2";
				TEST_HOST = "$(BUILT_PRODUCTS_DIR)/WYAWebViewDemo.app/WYAWebViewDemo";
			};
			name = Release;
		};
/* End XCBuildConfiguration section */

/* Begin XCConfigurationList section */
		21FADB4C2143CD0B00C37689 /* Build configuration list for PBXProject "WYAWebViewDemo" */ = {
			isa = XCConfigurationList;
			buildConfigurations = (
				21FADB6C2143CD0C00C37689 /* Debug */,
				21FADB6D2143CD0C00C37689 /* Release */,
			);
			defaultConfigurationIsVisible = 0;
			defaultConfigurationName = Release;
		};
		21FADB6E2143CD0C00C37689 /* Build configuration list for PBXNativeTarget "WYAWebViewDemo" */ = {
			isa = XCConfigurationList;
			buildConfigurations = (
				21FADB6F2143CD0C00C37689 /* Debug */,
				21FADB702143CD0C00C37689 /* Release */,
			);
			defaultConfigurationIsVisible = 0;
			defaultConfigurationName = Release;
		};
		21FADB712143CD0C00C37689 /* Build configuration list for PBXNativeTarget "WYAWebViewDemoTests" */ = {
			isa = XCConfigurationList;
			buildConfigurations = (
				21FADB722143CD0C00C37689 /* Debug */,
				21FADB732143CD0C00C37689 /* Release */,
			);
			defaultConfigurationIsVisible = 0;
			defaultConfigurationName = Release;
		};
/* End XCConfigurationList section */
	};
	rootObject = 21FADB492143CD0B00C37689 /* Project object */;
}
