PODS:
  - Alamofire (4.7.3)
  - GCDWebServer (3.5.2):
    - GCDWebServer/Core (= 3.5.2)
  - GCDWebServer/Core (3.5.2)
  - MJRefresh (3.1.15.7)
  - SnapKit (4.0.0)
  - WYAWebView (0.1.0):
    - Alamofire (~> 4.7)
    - GCDWebServer
    - MJRefresh
    - SnapKit

DEPENDENCIES:
  - WYAWebView (from `../../`)

SPEC REPOS:
  https://github.com/cocoapods/specs.git:
    - Alamofire
    - GCDWebServer
    - MJRefresh
    - SnapKit

EXTERNAL SOURCES:
  WYAWebView:
    :path: "../../"

SPEC CHECKSUMS:
  Alamofire: c7287b6e5d7da964a70935e5db17046b7fde6568
  GCDWebServer: ead88cd14596dd4eae4f5830b8877c87c8728990
  MJRefresh: 697f8ec75ebdbe9207767bb682cf0f51b0d8a41f
  SnapKit: a42d492c16e80209130a3379f73596c3454b7694
  WYAWebView: c86b37727d0ab287e57de662ce46a3d8ee762dcd

PODFILE CHECKSUM: 19714a676699693c39e5d49664f1c748f8898af7

COCOAPODS: 1.6.0.beta.2
